
Microsoft Visual Studio Solution File, Format Version 12.00
# Visual Studio Version 16
VisualStudioVersion = 16.0.30611.23
MinimumVisualStudioVersion = 10.0.40219.1
Project("{FAE04EC0-301F-11D3-BF4B-00C04F79EFBC}") = "ConsoleApp4", "ConsoleApp4\ConsoleApp4.csproj", "{A12B9133-0986-4810-AF66-16A9D2B3C659}"
EndProject
Global
	GlobalSection(SolutionConfigurationPlatforms) = preSolution
		Debug|Any CPU = Debug|Any CPU
		Release|Any CPU = Release|Any CPU
	EndGlobalSection
	GlobalSection(ProjectConfigurationPlatforms) = postSolution
		{A12B9133-0986-4810-AF66-16A9D2B3C659}.Debug|Any CPU.ActiveCfg = Debug|Any CPU
		{A12B9133-0986-4810-AF66-16A9D2B3C659}.Debug|Any CPU.Build.0 = Debug|Any CPU
		{A12B9133-0986-4810-AF66-16A9D2B3C659}.Release|Any CPU.ActiveCfg = Release|Any CPU
		{A12B9133-0986-4810-AF66-16A9D2B3C659}.Release|Any CPU.Build.0 = Release|Any CPU
	EndGlobalSection
	GlobalSection(SolutionProperties) = preSolution
		HideSolutionNode = FALSE
	EndGlobalSection
	GlobalSection(ExtensibilityGlobals) = postSolution
		SolutionGuid = {9FE0595B-B43A-422A-BF80-FA765B6CCFD2}
	EndGlobalSection
EndGlobal
